
Microsoft Visual Studio Solution File, Format Version 12.00
# Visual Studio Version 16
VisualStudioVersion = 16.0.32228.343
MinimumVisualStudioVersion = 10.0.40219.1
Project("{FAE04EC0-301F-11D3-BF4B-00C04F79EFBC}") = "OOPAndFiles", "OOPAndFiles\OOPAndFiles.csproj", "{0D59A06C-765B-4EF1-9233-1E0D3577EA0E}"
EndProject
Project("{FAE04EC0-301F-11D3-BF4B-00C04F79EFBC}") = "Frozen", "Frozen\Frozen.csproj", "{D915C20D-A4ED-4DB1-BE57-CC5F0700946F}"
EndProject
Global
	GlobalSection(SolutionConfigurationPlatforms) = preSolution
		Debug|Any CPU = Debug|Any CPU
		Release|Any CPU = Release|Any CPU
	EndGlobalSection
	GlobalSection(ProjectConfigurationPlatforms) = postSolution
		{0D59A06C-765B-4EF1-9233-1E0D3577EA0E}.Debug|Any CPU.ActiveCfg = Debug|Any CPU
		{0D59A06C-765B-4EF1-9233-1E0D3577EA0E}.Debug|Any CPU.Build.0 = Debug|Any CPU
		{0D59A06C-765B-4EF1-9233-1E0D3577EA0E}.Release|Any CPU.ActiveCfg = Release|Any CPU
		{0D59A06C-765B-4EF1-9233-1E0D3577EA0E}.Release|Any CPU.Build.0 = Release|Any CPU
		{D915C20D-A4ED-4DB1-BE57-CC5F0700946F}.Debug|Any CPU.ActiveCfg = Debug|Any CPU
		{D915C20D-A4ED-4DB1-BE57-CC5F0700946F}.Debug|Any CPU.Build.0 = Debug|Any CPU
		{D915C20D-A4ED-4DB1-BE57-CC5F0700946F}.Release|Any CPU.ActiveCfg = Release|Any CPU
		{D915C20D-A4ED-4DB1-BE57-CC5F0700946F}.Release|Any CPU.Build.0 = Release|Any CPU
	EndGlobalSection
	GlobalSection(SolutionProperties) = preSolution
		HideSolutionNode = FALSE
	EndGlobalSection
	GlobalSection(ExtensibilityGlobals) = postSolution
		SolutionGuid = {A722E132-BE61-4E68-9CB0-1370639813FC}
	EndGlobalSection
EndGlobal
